
Microsoft Visual Studio Solution File, Format Version 12.00
# Visual Studio Version 17
VisualStudioVersion = 17.13.35825.156
MinimumVisualStudioVersion = 10.0.40219.1
Project("{FAE04EC0-301F-11D3-BF4B-00C04F79EFBC}") = "BlazorAPI", "BlazorAPI\BlazorAPI.csproj", "{DB66C99F-6DF8-41B8-9C3A-52CB8E53DD6A}"
EndProject
Project("{FAE04EC0-301F-11D3-BF4B-00C04F79EFBC}") = "BlazorWeb", "BlazorWeb\BlazorWeb.csproj", "{26879A0C-FFE7-4DC7-9364-37EF09208BBB}"
EndProject
Project("{FAE04EC0-301F-11D3-BF4B-00C04F79EFBC}") = "TestBlazor", "TestBlazor\TestBlazor.csproj", "{6AE1FDC7-B39C-4139-A122-042344AED37E}"
EndProject
Global
	GlobalSection(SolutionConfigurationPlatforms) = preSolution
		Debug|Any CPU = Debug|Any CPU
		Release|Any CPU = Release|Any CPU
	EndGlobalSection
	GlobalSection(ProjectConfigurationPlatforms) = postSolution
		{DB66C99F-6DF8-41B8-9C3A-52CB8E53DD6A}.Debug|Any CPU.ActiveCfg = Debug|Any CPU
		{DB66C99F-6DF8-41B8-9C3A-52CB8E53DD6A}.Debug|Any CPU.Build.0 = Debug|Any CPU
		{DB66C99F-6DF8-41B8-9C3A-52CB8E53DD6A}.Release|Any CPU.ActiveCfg = Release|Any CPU
		{DB66C99F-6DF8-41B8-9C3A-52CB8E53DD6A}.Release|Any CPU.Build.0 = Release|Any CPU
		{26879A0C-FFE7-4DC7-9364-37EF09208BBB}.Debug|Any CPU.ActiveCfg = Debug|Any CPU
		{26879A0C-FFE7-4DC7-9364-37EF09208BBB}.Debug|Any CPU.Build.0 = Debug|Any CPU
		{26879A0C-FFE7-4DC7-9364-37EF09208BBB}.Release|Any CPU.ActiveCfg = Release|Any CPU
		{26879A0C-FFE7-4DC7-9364-37EF09208BBB}.Release|Any CPU.Build.0 = Release|Any CPU
		{6AE1FDC7-B39C-4139-A122-042344AED37E}.Debug|Any CPU.ActiveCfg = Debug|Any CPU
		{6AE1FDC7-B39C-4139-A122-042344AED37E}.Debug|Any CPU.Build.0 = Debug|Any CPU
		{6AE1FDC7-B39C-4139-A122-042344AED37E}.Release|Any CPU.ActiveCfg = Release|Any CPU
		{6AE1FDC7-B39C-4139-A122-042344AED37E}.Release|Any CPU.Build.0 = Release|Any CPU
	EndGlobalSection
	GlobalSection(SolutionProperties) = preSolution
		HideSolutionNode = FALSE
	EndGlobalSection
	GlobalSection(ExtensibilityGlobals) = postSolution
		SolutionGuid = {1F74448E-E3B4-4EFE-BDFB-23F54D6EF7FC}
	EndGlobalSection
EndGlobal
